
Microsoft Visual Studio Solution File, Format Version 12.00
# Visual Studio Version 17
VisualStudioVersion = 17.11.35219.272
MinimumVisualStudioVersion = 10.0.40219.1
Project("{FAE04EC0-301F-11D3-BF4B-00C04F79EFBC}") = "RaceTrade", "RaceTrade\RaceTrade.csproj", "{A60021D4-FBD0-4418-BB1D-94085EB4D473}"
EndProject
Global
	GlobalSection(SolutionConfigurationPlatforms) = preSolution
		Debug|Any CPU = Debug|Any CPU
		Debug|x64 = Debug|x64
		Release|Any CPU = Release|Any CPU
		Release|x64 = Release|x64
	EndGlobalSection
	GlobalSection(ProjectConfigurationPlatforms) = postSolution
		{A60021D4-FBD0-4418-BB1D-94085EB4D473}.Debug|Any CPU.ActiveCfg = Debug|Any CPU
		{A60021D4-FBD0-4418-BB1D-94085EB4D473}.Debug|Any CPU.Build.0 = Debug|Any CPU
		{A60021D4-FBD0-4418-BB1D-94085EB4D473}.Debug|x64.ActiveCfg = Debug|x64
		{A60021D4-FBD0-4418-BB1D-94085EB4D473}.Debug|x64.Build.0 = Debug|x64
		{A60021D4-FBD0-4418-BB1D-94085EB4D473}.Release|Any CPU.ActiveCfg = Release|Any CPU
		{A60021D4-FBD0-4418-BB1D-94085EB4D473}.Release|Any CPU.Build.0 = Release|Any CPU
		{A60021D4-FBD0-4418-BB1D-94085EB4D473}.Release|x64.ActiveCfg = Release|x64
		{A60021D4-FBD0-4418-BB1D-94085EB4D473}.Release|x64.Build.0 = Release|x64
	EndGlobalSection
	GlobalSection(SolutionProperties) = preSolution
		HideSolutionNode = FALSE
	EndGlobalSection
	GlobalSection(ExtensibilityGlobals) = postSolution
		SolutionGuid = {1C2D239B-0A48-4C88-9680-5F655AB17284}
	EndGlobalSection
EndGlobal
